
Microsoft Visual Studio Solution File, Format Version 12.00
# Visual Studio 15
VisualStudioVersion = 15.0.28307.136
MinimumVisualStudioVersion = 10.0.40219.1
Project("{8BC9CEB8-8B4A-11D0-8D11-00A0C91BC942}") = "RCube", "RCube\RCube.vcxproj", "{471B88D1-6DCC-4FCF-85FF-3E1D293395D0}"
EndProject
Global
	GlobalSection(SolutionConfigurationPlatforms) = preSolution
		Debug|x64 = Debug|x64
		Debug|x86 = Debug|x86
		Release|x64 = Release|x64
		Release|x86 = Release|x86
	EndGlobalSection
	GlobalSection(ProjectConfigurationPlatforms) = postSolution
		{471B88D1-6DCC-4FCF-85FF-3E1D293395D0}.Debug|x64.ActiveCfg = Debug|x64
		{471B88D1-6DCC-4FCF-85FF-3E1D293395D0}.Debug|x64.Build.0 = Debug|x64
		{471B88D1-6DCC-4FCF-85FF-3E1D293395D0}.Debug|x86.ActiveCfg = Debug|Win32
		{471B88D1-6DCC-4FCF-85FF-3E1D293395D0}.Debug|x86.Build.0 = Debug|Win32
		{471B88D1-6DCC-4FCF-85FF-3E1D293395D0}.Release|x64.ActiveCfg = Release|x64
		{471B88D1-6DCC-4FCF-85FF-3E1D293395D0}.Release|x64.Build.0 = Release|x64
		{471B88D1-6DCC-4FCF-85FF-3E1D293395D0}.Release|x86.ActiveCfg = Release|Win32
		{471B88D1-6DCC-4FCF-85FF-3E1D293395D0}.Release|x86.Build.0 = Release|Win32
	EndGlobalSection
	GlobalSection(SolutionProperties) = preSolution
		HideSolutionNode = FALSE
	EndGlobalSection
	GlobalSection(ExtensibilityGlobals) = postSolution
		SolutionGuid = {BFA51AEB-063E-49AA-A4CD-2210C6CE3482}
	EndGlobalSection
EndGlobal
